// !$*UTF8*$!
{
	archiveVersion = 1;
	classes = {
	};
	objectVersion = 56;
	objects = {

/* Begin PBXBuildFile section */
		A0AC7A832BE7D99900A81E12 /* QuizSUIApp.swift in Sources */ = {isa = PBXBuildFile; fileRef = A0AC7A822BE7D99900A81E12 /* QuizSUIApp.swift */; };
		A0AC7A852BE7D99900A81E12 /* ContentView.swift in Sources */ = {isa = PBXBuildFile; fileRef = A0AC7A842BE7D99900A81E12 /* ContentView.swift */; };
		A0AC7A872BE7D99A00A81E12 /* Assets.xcassets in Resources */ = {isa = PBXBuildFile; fileRef = A0AC7A862BE7D99A00A81E12 /* Assets.xcassets */; };
		A0AC7A8A2BE7D99A00A81E12 /* Preview Assets.xcassets in Resources */ = {isa = PBXBuildFile; fileRef = A0AC7A892BE7D99A00A81E12 /* Preview Assets.xcassets */; };
		A0AC7A912BE7DCC800A81E12 /* GoogleService-Info.plist in Resources */ = {isa = PBXBuildFile; fileRef = A0AC7A902BE7DCC800A81E12 /* GoogleService-Info.plist */; };
		A0AC7A942BE7DD1800A81E12 /* FirebaseAuth in Frameworks */ = {isa = PBXBuildFile; productRef = A0AC7A932BE7DD1800A81E12 /* FirebaseAuth */; };
		A0AC7A962BE7DD1800A81E12 /* FirebaseFirestore in Frameworks */ = {isa = PBXBuildFile; productRef = A0AC7A952BE7DD1800A81E12 /* FirebaseFirestore */; };
		A0AC7A982BE7DD1800A81E12 /* FirebaseFirestoreSwift in Frameworks */ = {isa = PBXBuildFile; productRef = A0AC7A972BE7DD1800A81E12 /* FirebaseFirestoreSwift */; };
		A0AC7A9C2BE7DD8F00A81E12 /* HomeView.swift in Sources */ = {isa = PBXBuildFile; fileRef = A0AC7A9B2BE7DD8F00A81E12 /* HomeView.swift */; };
		A0AC7A9E2BE7DD9A00A81E12 /* Info.swift in Sources */ = {isa = PBXBuildFile; fileRef = A0AC7A9D2BE7DD9A00A81E12 /* Info.swift */; };
		A0AC7AA02BE7DDF600A81E12 /* Question.swift in Sources */ = {isa = PBXBuildFile; fileRef = A0AC7A9F2BE7DDF600A81E12 /* Question.swift */; };
		A0FD40B72BE818B10095C25D /* QuestionView.swift in Sources */ = {isa = PBXBuildFile; fileRef = A0FD40B62BE818B10095C25D /* QuestionView.swift */; };
		A0FD40BB2BE819780095C25D /* Extension + View.swift in Sources */ = {isa = PBXBuildFile; fileRef = A0FD40BA2BE819780095C25D /* Extension + View.swift */; };
/* End PBXBuildFile section */

/* Begin PBXFileReference section */
		A0AC7A7F2BE7D99900A81E12 /* QuizSUI.app */ = {isa = PBXFileReference; explicitFileType = wrapper.application; includeInIndex = 0; path = QuizSUI.app; sourceTree = BUILT_PRODUCTS_DIR; };
		A0AC7A822BE7D99900A81E12 /* QuizSUIApp.swift */ = {isa = PBXFileReference; lastKnownFileType = sourcecode.swift; path = QuizSUIApp.swift; sourceTree = "<group>"; };
		A0AC7A842BE7D99900A81E12 /* ContentView.swift */ = {isa = PBXFileReference; lastKnownFileType = sourcecode.swift; path = ContentView.swift; sourceTree = "<group>"; };
		A0AC7A862BE7D99A00A81E12 /* Assets.xcassets */ = {isa = PBXFileReference; lastKnownFileType = folder.assetcatalog; path = Assets.xcassets; sourceTree = "<group>"; };
		A0AC7A892BE7D99A00A81E12 /* Preview Assets.xcassets */ = {isa = PBXFileReference; lastKnownFileType = folder.assetcatalog; path = "Preview Assets.xcassets"; sourceTree = "<group>"; };
		A0AC7A902BE7DCC800A81E12 /* GoogleService-Info.plist */ = {isa = PBXFileReference; fileEncoding = 4; lastKnownFileType = text.plist.xml; path = "GoogleService-Info.plist"; sourceTree = "<group>"; };
		A0AC7A9B2BE7DD8F00A81E12 /* HomeView.swift */ = {isa = PBXFileReference; lastKnownFileType = sourcecode.swift; path = HomeView.swift; sourceTree = "<group>"; };
		A0AC7A9D2BE7DD9A00A81E12 /* Info.swift */ = {isa = PBXFileReference; lastKnownFileType = sourcecode.swift; path = Info.swift; sourceTree = "<group>"; };
		A0AC7A9F2BE7DDF600A81E12 /* Question.swift */ = {isa = PBXFileReference; lastKnownFileType = sourcecode.swift; path = Question.swift; sourceTree = "<group>"; };
		A0FD40B62BE818B10095C25D /* QuestionView.swift */ = {isa = PBXFileReference; lastKnownFileType = sourcecode.swift; path = QuestionView.swift; sourceTree = "<group>"; };
		A0FD40BA2BE819780095C25D /* Extension + View.swift */ = {isa = PBXFileReference; lastKnownFileType = sourcecode.swift; path = "Extension + View.swift"; sourceTree = "<group>"; };
/* End PBXFileReference section */

/* Begin PBXFrameworksBuildPhase section */
		A0AC7A7C2BE7D99900A81E12 /* Frameworks */ = {
			isa = PBXFrameworksBuildPhase;
			buildActionMask = 2147483647;
			files = (
				A0AC7A942BE7DD1800A81E12 /* FirebaseAuth in Frameworks */,
				A0AC7A962BE7DD1800A81E12 /* FirebaseFirestore in Frameworks */,
				A0AC7A982BE7DD1800A81E12 /* FirebaseFirestoreSwift in Frameworks */,
			);
			runOnlyForDeploymentPostprocessing = 0;
		};
/* End PBXFrameworksBuildPhase section */

/* Begin PBXGroup section */
		A0AC7A762BE7D99900A81E12 = {
			isa = PBXGroup;
			children = (
				A0AC7A812BE7D99900A81E12 /* QuizSUI */,
				A0AC7A802BE7D99900A81E12 /* Products */,
			);
			sourceTree = "<group>";
		};
		A0AC7A802BE7D99900A81E12 /* Products */ = {
			isa = PBXGroup;
			children = (
				A0AC7A7F2BE7D99900A81E12 /* QuizSUI.app */,
			);
			name = Products;
			sourceTree = "<group>";
		};
		A0AC7A812BE7D99900A81E12 /* QuizSUI */ = {
			isa = PBXGroup;
			children = (
				A0FD40B92BE8194F0095C25D /* App */,
				A0FD40B82BE8193E0095C25D /* Extensions */,
				A0AC7A9A2BE7DD8200A81E12 /* Models */,
				A0AC7A992BE7DD7A00A81E12 /* Views */,
				A0AC7A862BE7D99A00A81E12 /* Assets.xcassets */,
				A0AC7A902BE7DCC800A81E12 /* GoogleService-Info.plist */,
				A0AC7A882BE7D99A00A81E12 /* Preview Content */,
			);
			path = QuizSUI;
			sourceTree = "<group>";
		};
		A0AC7A882BE7D99A00A81E12 /* Preview Content */ = {
			isa = PBXGroup;
			children = (
				A0AC7A892BE7D99A00A81E12 /* Preview Assets.xcassets */,
			);
			path = "Preview Content";
			sourceTree = "<group>";
		};
		A0AC7A992BE7DD7A00A81E12 /* Views */ = {
			isa = PBXGroup;
			children = (
				A0AC7A842BE7D99900A81E12 /* ContentView.swift */,
				A0AC7A9B2BE7DD8F00A81E12 /* HomeView.swift */,
				A0FD40B62BE818B10095C25D /* QuestionView.swift */,
			);
			path = Views;
			sourceTree = "<group>";
		};
		A0AC7A9A2BE7DD8200A81E12 /* Models */ = {
			isa = PBXGroup;
			children = (
				A0AC7A9D2BE7DD9A00A81E12 /* Info.swift */,
				A0AC7A9F2BE7DDF600A81E12 /* Question.swift */,
			);
			path = Models;
			sourceTree = "<group>";
		};
		A0FD40B82BE8193E0095C25D /* Extensions */ = {
			isa = PBXGroup;
			children = (
				A0FD40BA2BE819780095C25D /* Extension + View.swift */,
			);
			path = Extensions;
			sourceTree = "<group>";
		};
		A0FD40B92BE8194F0095C25D /* App */ = {
			isa = PBXGroup;
			children = (
				A0AC7A822BE7D99900A81E12 /* QuizSUIApp.swift */,
			);
			path = App;
			sourceTree = "<group>";
		};
/* End PBXGroup section */

/* Begin PBXNativeTarget section */
		A0AC7A7E2BE7D99900A81E12 /* QuizSUI */ = {
			isa = PBXNativeTarget;
			buildConfigurationList = A0AC7A8D2BE7D99A00A81E12 /* Build configuration list for PBXNativeTarget "QuizSUI" */;
			buildPhases = (
				A0AC7A7B2BE7D99900A81E12 /* Sources */,
				A0AC7A7C2BE7D99900A81E12 /* Frameworks */,
				A0AC7A7D2BE7D99900A81E12 /* Resources */,
			);
			buildRules = (
			);
			dependencies = (
			);
			name = QuizSUI;
			packageProductDependencies = (
				A0AC7A932BE7DD1800A81E12 /* FirebaseAuth */,
				A0AC7A952BE7DD1800A81E12 /* FirebaseFirestore */,
				A0AC7A972BE7DD1800A81E12 /* FirebaseFirestoreSwift */,
			);
			productName = QuizSUI;
			productReference = A0AC7A7F2BE7D99900A81E12 /* QuizSUI.app */;
			productType = "com.apple.product-type.application";
		};
/* End PBXNativeTarget section */

/* Begin PBXProject section */
		A0AC7A772BE7D99900A81E12 /* Project object */ = {
			isa = PBXProject;
			attributes = {
				BuildIndependentTargetsInParallel = 1;
				LastSwiftUpdateCheck = 1530;
				LastUpgradeCheck = 1530;
				TargetAttributes = {
					A0AC7A7E2BE7D99900A81E12 = {
						CreatedOnToolsVersion = 15.3;
					};
				};
			};
			buildConfigurationList = A0AC7A7A2BE7D99900A81E12 /* Build configuration list for PBXProject "QuizSUI" */;
			compatibilityVersion = "Xcode 14.0";
			developmentRegion = en;
			hasScannedForEncodings = 0;
			knownRegions = (
				en,
				Base,
			);
			mainGroup = A0AC7A762BE7D99900A81E12;
			packageReferences = (
				A0AC7A922BE7DD1800A81E12 /* XCRemoteSwiftPackageReference "firebase-ios-sdk" */,
			);
			productRefGroup = A0AC7A802BE7D99900A81E12 /* Products */;
			projectDirPath = "";
			projectRoot = "";
			targets = (
				A0AC7A7E2BE7D99900A81E12 /* QuizSUI */,
			);
		};
/* End PBXProject section */

/* Begin PBXResourcesBuildPhase section */
		A0AC7A7D2BE7D99900A81E12 /* Resources */ = {
			isa = PBXResourcesBuildPhase;
			buildActionMask = 2147483647;
			files = (
				A0AC7A8A2BE7D99A00A81E12 /* Preview Assets.xcassets in Resources */,
				A0AC7A872BE7D99A00A81E12 /* Assets.xcassets in Resources */,
				A0AC7A912BE7DCC800A81E12 /* GoogleService-Info.plist in Resources */,
			);
			runOnlyForDeploymentPostprocessing = 0;
		};
/* End PBXResourcesBuildPhase section */

/* Begin PBXSourcesBuildPhase section */
		A0AC7A7B2BE7D99900A81E12 /* Sources */ = {
			isa = PBXSourcesBuildPhase;
			buildActionMask = 2147483647;
			files = (
				A0FD40BB2BE819780095C25D /* Extension + View.swift in Sources */,
				A0AC7AA02BE7DDF600A81E12 /* Question.swift in Sources */,
				A0AC7A9C2BE7DD8F00A81E12 /* HomeView.swift in Sources */,
				A0AC7A9E2BE7DD9A00A81E12 /* Info.swift in Sources */,
				A0AC7A852BE7D99900A81E12 /* ContentView.swift in Sources */,
				A0FD40B72BE818B10095C25D /* QuestionView.swift in Sources */,
				A0AC7A832BE7D99900A81E12 /* QuizSUIApp.swift in Sources */,
			);
			runOnlyForDeploymentPostprocessing = 0;
		};
/* End PBXSourcesBuildPhase section */

/* Begin XCBuildConfiguration section */
		A0AC7A8B2BE7D99A00A81E12 /* Debug */ = {
			isa = XCBuildConfiguration;
			buildSettings = {
				ALWAYS_SEARCH_USER_PATHS = NO;
				ASSETCATALOG_COMPILER_GENERATE_SWIFT_ASSET_SYMBOL_EXTENSIONS = YES;
				CLANG_ANALYZER_NONNULL = YES;
				CLANG_ANALYZER_NUMBER_OBJECT_CONVERSION = YES_AGGRESSIVE;
				CLANG_CXX_LANGUAGE_STANDARD = "gnu++20";
				CLANG_ENABLE_MODULES = YES;
				CLANG_ENABLE_OBJC_ARC = YES;
				CLANG_ENABLE_OBJC_WEAK = YES;
				CLANG_WARN_BLOCK_CAPTURE_AUTORELEASING = YES;
				CLANG_WARN_BOOL_CONVERSION = YES;
				CLANG_WARN_COMMA = YES;
				CLANG_WARN_CONSTANT_CONVERSION = YES;
				CLANG_WARN_DEPRECATED_OBJC_IMPLEMENTATIONS = YES;
				CLANG_WARN_DIRECT_OBJC_ISA_USAGE = YES_ERROR;
				CLANG_WARN_DOCUMENTATION_COMMENTS = YES;
				CLANG_WARN_EMPTY_BODY = YES;
				CLANG_WARN_ENUM_CONVERSION = YES;
				CLANG_WARN_INFINITE_RECURSION = YES;
				CLANG_WARN_INT_CONVERSION = YES;
				CLANG_WARN_NON_LITERAL_NULL_CONVERSION = YES;
				CLANG_WARN_OBJC_IMPLICIT_RETAIN_SELF = YES;
				CLANG_WARN_OBJC_LITERAL_CONVERSION = YES;
				CLANG_WARN_OBJC_ROOT_CLASS = YES_ERROR;
				CLANG_WARN_QUOTED_INCLUDE_IN_FRAMEWORK_HEADER = YES;
				CLANG_WARN_RANGE_LOOP_ANALYSIS = YES;
				CLANG_WARN_STRICT_PROTOTYPES = YES;
				CLANG_WARN_SUSPICIOUS_MOVE = YES;
				CLANG_WARN_UNGUARDED_AVAILABILITY = YES_AGGRESSIVE;
				CLANG_WARN_UNREACHABLE_CODE = YES;
				CLANG_WARN__DUPLICATE_METHOD_MATCH = YES;
				COPY_PHASE_STRIP = NO;
				DEBUG_INFORMATION_FORMAT = dwarf;
				ENABLE_STRICT_OBJC_MSGSEND = YES;
				ENABLE_TESTABILITY = YES;
				ENABLE_USER_SCRIPT_SANDBOXING = YES;
				GCC_C_LANGUAGE_STANDARD = gnu17;
				GCC_DYNAMIC_NO_PIC = NO;
				GCC_NO_COMMON_BLOCKS = YES;
				GCC_OPTIMIZATION_LEVEL = 0;
				GCC_PREPROCESSOR_DEFINITIONS = (
					"DEBUG=1",
					"$(inherited)",
				);
				GCC_WARN_64_TO_32_BIT_CONVERSION = YES;
				GCC_WARN_ABOUT_RETURN_TYPE = YES_ERROR;
				GCC_WARN_UNDECLARED_SELECTOR = YES;
				GCC_WARN_UNINITIALIZED_AUTOS = YES_AGGRESSIVE;
				GCC_WARN_UNUSED_FUNCTION = YES;
				GCC_WARN_UNUSED_VARIABLE = YES;
				IPHONEOS_DEPLOYMENT_TARGET = 17.4;
				LOCALIZATION_PREFERS_STRING_CATALOGS = YES;
				MTL_ENABLE_DEBUG_INFO = INCLUDE_SOURCE;
				MTL_FAST_MATH = YES;
				ONLY_ACTIVE_ARCH = YES;
				SDKROOT = iphoneos;
				SWIFT_ACTIVE_COMPILATION_CONDITIONS = "DEBUG $(inherited)";
				SWIFT_OPTIMIZATION_LEVEL = "-Onone";
			};
			name = Debug;
		};
		A0AC7A8C2BE7D99A00A81E12 /* Release */ = {
			isa = XCBuildConfiguration;
			buildSettings = {
				ALWAYS_SEARCH_USER_PATHS = NO;
				ASSETCATALOG_COMPILER_GENERATE_SWIFT_ASSET_SYMBOL_EXTENSIONS = YES;
				CLANG_ANALYZER_NONNULL = YES;
				CLANG_ANALYZER_NUMBER_OBJECT_CONVERSION = YES_AGGRESSIVE;
				CLANG_CXX_LANGUAGE_STANDARD = "gnu++20";
				CLANG_ENABLE_MODULES = YES;
				CLANG_ENABLE_OBJC_ARC = YES;
				CLANG_ENABLE_OBJC_WEAK = YES;
				CLANG_WARN_BLOCK_CAPTURE_AUTORELEASING = YES;
				CLANG_WARN_BOOL_CONVERSION = YES;
				CLANG_WARN_COMMA = YES;
				CLANG_WARN_CONSTANT_CONVERSION = YES;
				CLANG_WARN_DEPRECATED_OBJC_IMPLEMENTATIONS = YES;
				CLANG_WARN_DIRECT_OBJC_ISA_USAGE = YES_ERROR;
				CLANG_WARN_DOCUMENTATION_COMMENTS = YES;
				CLANG_WARN_EMPTY_BODY = YES;
				CLANG_WARN_ENUM_CONVERSION = YES;
				CLANG_WARN_INFINITE_RECURSION = YES;
				CLANG_WARN_INT_CONVERSION = YES;
				CLANG_WARN_NON_LITERAL_NULL_CONVERSION = YES;
				CLANG_WARN_OBJC_IMPLICIT_RETAIN_SELF = YES;
				CLANG_WARN_OBJC_LITERAL_CONVERSION = YES;
				CLANG_WARN_OBJC_ROOT_CLASS = YES_ERROR;
				CLANG_WARN_QUOTED_INCLUDE_IN_FRAMEWORK_HEADER = YES;
				CLANG_WARN_RANGE_LOOP_ANALYSIS = YES;
				CLANG_WARN_STRICT_PROTOTYPES = YES;
				CLANG_WARN_SUSPICIOUS_MOVE = YES;
				CLANG_WARN_UNGUARDED_AVAILABILITY = YES_AGGRESSIVE;
				CLANG_WARN_UNREACHABLE_CODE = YES;
				CLANG_WARN__DUPLICATE_METHOD_MATCH = YES;
				COPY_PHASE_STRIP = NO;
				DEBUG_INFORMATION_FORMAT = "dwarf-with-dsym";
				ENABLE_NS_ASSERTIONS = NO;
				ENABLE_STRICT_OBJC_MSGSEND = YES;
				ENABLE_USER_SCRIPT_SANDBOXING = YES;
				GCC_C_LANGUAGE_STANDARD = gnu17;
				GCC_NO_COMMON_BLOCKS = YES;
				GCC_WARN_64_TO_32_BIT_CONVERSION = YES;
				GCC_WARN_ABOUT_RETURN_TYPE = YES_ERROR;
				GCC_WARN_UNDECLARED_SELECTOR = YES;
				GCC_WARN_UNINITIALIZED_AUTOS = YES_AGGRESSIVE;
				GCC_WARN_UNUSED_FUNCTION = YES;
				GCC_WARN_UNUSED_VARIABLE = YES;
				IPHONEOS_DEPLOYMENT_TARGET = 17.4;
				LOCALIZATION_PREFERS_STRING_CATALOGS = YES;
				MTL_ENABLE_DEBUG_INFO = NO;
				MTL_FAST_MATH = YES;
				SDKROOT = iphoneos;
				SWIFT_COMPILATION_MODE = wholemodule;
				VALIDATE_PRODUCT = YES;
			};
			name = Release;
		};
		A0AC7A8E2BE7D99A00A81E12 /* Debug */ = {
			isa = XCBuildConfiguration;
			buildSettings = {
				ASSETCATALOG_COMPILER_APPICON_NAME = AppIcon;
				ASSETCATALOG_COMPILER_GLOBAL_ACCENT_COLOR_NAME = AccentColor;
				CODE_SIGN_STYLE = Automatic;
				CURRENT_PROJECT_VERSION = 1;
				DEVELOPMENT_ASSET_PATHS = "\"QuizSUI/Preview Content\"";
				DEVELOPMENT_TEAM = KSKFLS4ZH5;
				ENABLE_PREVIEWS = YES;
				GENERATE_INFOPLIST_FILE = YES;
				INFOPLIST_KEY_UIApplicationSceneManifest_Generation = YES;
				INFOPLIST_KEY_UIApplicationSupportsIndirectInputEvents = YES;
				INFOPLIST_KEY_UILaunchScreen_Generation = YES;
				INFOPLIST_KEY_UISupportedInterfaceOrientations = UIInterfaceOrientationPortrait;
				INFOPLIST_KEY_UISupportedInterfaceOrientations_iPad = "UIInterfaceOrientationLandscapeLeft UIInterfaceOrientationLandscapeRight UIInterfaceOrientationPortrait UIInterfaceOrientationPortraitUpsideDown";
				IPHONEOS_DEPLOYMENT_TARGET = 16.0;
				LD_RUNPATH_SEARCH_PATHS = (
					"$(inherited)",
					"@executable_path/Frameworks",
				);
				MARKETING_VERSION = 1.0;
				PRODUCT_BUNDLE_IDENTIFIER = wupiupi.QuizSUI;
				PRODUCT_NAME = "$(TARGET_NAME)";
				SUPPORTED_PLATFORMS = "iphoneos iphonesimulator";
				SUPPORTS_MACCATALYST = NO;
				SUPPORTS_MAC_DESIGNED_FOR_IPHONE_IPAD = NO;
				SUPPORTS_XR_DESIGNED_FOR_IPHONE_IPAD = NO;
				SWIFT_EMIT_LOC_STRINGS = YES;
				SWIFT_VERSION = 5.0;
				TARGETED_DEVICE_FAMILY = 1;
			};
			name = Debug;
		};
		A0AC7A8F2BE7D99A00A81E12 /* Release */ = {
			isa = XCBuildConfiguration;
			buildSettings = {
				ASSETCATALOG_COMPILER_APPICON_NAME = AppIcon;
				ASSETCATALOG_COMPILER_GLOBAL_ACCENT_COLOR_NAME = AccentColor;
				CODE_SIGN_STYLE = Automatic;
				CURRENT_PROJECT_VERSION = 1;
				DEVELOPMENT_ASSET_PATHS = "\"QuizSUI/Preview Content\"";
				DEVELOPMENT_TEAM = KSKFLS4ZH5;
				ENABLE_PREVIEWS = YES;
				GENERATE_INFOPLIST_FILE = YES;
				INFOPLIST_KEY_UIApplicationSceneManifest_Generation = YES;
				INFOPLIST_KEY_UIApplicationSupportsIndirectInputEvents = YES;
				INFOPLIST_KEY_UILaunchScreen_Generation = YES;
				INFOPLIST_KEY_UISupportedInterfaceOrientations = UIInterfaceOrientationPortrait;
				INFOPLIST_KEY_UISupportedInterfaceOrientations_iPad = "UIInterfaceOrientationLandscapeLeft UIInterfaceOrientationLandscapeRight UIInterfaceOrientationPortrait UIInterfaceOrientationPortraitUpsideDown";
				IPHONEOS_DEPLOYMENT_TARGET = 16.0;
				LD_RUNPATH_SEARCH_PATHS = (
					"$(inherited)",
					"@executable_path/Frameworks",
				);
				MARKETING_VERSION = 1.0;
				PRODUCT_BUNDLE_IDENTIFIER = wupiupi.QuizSUI;
				PRODUCT_NAME = "$(TARGET_NAME)";
				SUPPORTED_PLATFORMS = "iphoneos iphonesimulator";
				SUPPORTS_MACCATALYST = NO;
				SUPPORTS_MAC_DESIGNED_FOR_IPHONE_IPAD = NO;
				SUPPORTS_XR_DESIGNED_FOR_IPHONE_IPAD = NO;
				SWIFT_EMIT_LOC_STRINGS = YES;
				SWIFT_VERSION = 5.0;
				TARGETED_DEVICE_FAMILY = 1;
			};
			name = Release;
		};
/* End XCBuildConfiguration section */

/* Begin XCConfigurationList section */
		A0AC7A7A2BE7D99900A81E12 /* Build configuration list for PBXProject "QuizSUI" */ = {
			isa = XCConfigurationList;
			buildConfigurations = (
				A0AC7A8B2BE7D99A00A81E12 /* Debug */,
				A0AC7A8C2BE7D99A00A81E12 /* Release */,
			);
			defaultConfigurationIsVisible = 0;
			defaultConfigurationName = Release;
		};
		A0AC7A8D2BE7D99A00A81E12 /* Build configuration list for PBXNativeTarget "QuizSUI" */ = {
			isa = XCConfigurationList;
			buildConfigurations = (
				A0AC7A8E2BE7D99A00A81E12 /* Debug */,
				A0AC7A8F2BE7D99A00A81E12 /* Release */,
			);
			defaultConfigurationIsVisible = 0;
			defaultConfigurationName = Release;
		};
/* End XCConfigurationList section */

/* Begin XCRemoteSwiftPackageReference section */
		A0AC7A922BE7DD1800A81E12 /* XCRemoteSwiftPackageReference "firebase-ios-sdk" */ = {
			isa = XCRemoteSwiftPackageReference;
			repositoryURL = "https://github.com/firebase/firebase-ios-sdk";
			requirement = {
				kind = upToNextMajorVersion;
				minimumVersion = 10.25.0;
			};
		};
/* End XCRemoteSwiftPackageReference section */

/* Begin XCSwiftPackageProductDependency section */
		A0AC7A932BE7DD1800A81E12 /* FirebaseAuth */ = {
			isa = XCSwiftPackageProductDependency;
			package = A0AC7A922BE7DD1800A81E12 /* XCRemoteSwiftPackageReference "firebase-ios-sdk" */;
			productName = FirebaseAuth;
		};
		A0AC7A952BE7DD1800A81E12 /* FirebaseFirestore */ = {
			isa = XCSwiftPackageProductDependency;
			package = A0AC7A922BE7DD1800A81E12 /* XCRemoteSwiftPackageReference "firebase-ios-sdk" */;
			productName = FirebaseFirestore;
		};
		A0AC7A972BE7DD1800A81E12 /* FirebaseFirestoreSwift */ = {
			isa = XCSwiftPackageProductDependency;
			package = A0AC7A922BE7DD1800A81E12 /* XCRemoteSwiftPackageReference "firebase-ios-sdk" */;
			productName = FirebaseFirestoreSwift;
		};
/* End XCSwiftPackageProductDependency section */
	};
	rootObject = A0AC7A772BE7D99900A81E12 /* Project object */;
}
